
Microsoft Visual Studio Solution File, Format Version 12.00
Project("{FAE04EC0-301F-11D3-BF4B-00C04F79EFBC}") = "ConsoleApp1", "ConsoleApp1\ConsoleApp1.csproj", "{5DE3D064-A9AB-47A5-AE36-CCFD6C51CC8D}"
EndProject
Project("{2150E333-8FDC-42A3-9474-1A3956D46DE8}") = "Solution Items", "Solution Items", "{14E78262-FECA-41BB-86CA-C721DE472B91}"
	ProjectSection(SolutionItems) = preProject
		compose.yaml = compose.yaml
	EndProjectSection
EndProject
Global
	GlobalSection(SolutionConfigurationPlatforms) = preSolution
		Debug|Any CPU = Debug|Any CPU
		Release|Any CPU = Release|Any CPU
	EndGlobalSection
	GlobalSection(ProjectConfigurationPlatforms) = postSolution
		{5DE3D064-A9AB-47A5-AE36-CCFD6C51CC8D}.Debug|Any CPU.ActiveCfg = Debug|Any CPU
		{5DE3D064-A9AB-47A5-AE36-CCFD6C51CC8D}.Debug|Any CPU.Build.0 = Debug|Any CPU
		{5DE3D064-A9AB-47A5-AE36-CCFD6C51CC8D}.Release|Any CPU.ActiveCfg = Release|Any CPU
		{5DE3D064-A9AB-47A5-AE36-CCFD6C51CC8D}.Release|Any CPU.Build.0 = Release|Any CPU
	EndGlobalSection
EndGlobal
